
Microsoft Visual Studio Solution File, Format Version 12.00
# Visual Studio Version 16
VisualStudioVersion = 16.0.31019.35
MinimumVisualStudioVersion = 10.0.40219.1
Project("{9A19103F-16F7-4668-BE54-9A1E7A4F7556}") = "FinanceSchedulerDemo", "FinanceSchedulerDemo\FinanceSchedulerDemo.csproj", "{3BD48E82-9C79-45BA-93BD-DF768D38CB8B}"
EndProject
Project("{9A19103F-16F7-4668-BE54-9A1E7A4F7556}") = "Domain", "Domain\Domain.csproj", "{2AB03CE0-E9DA-4D5A-8083-C7395C37DF7B}"
EndProject
Project("{9A19103F-16F7-4668-BE54-9A1E7A4F7556}") = "DAL", "DAL\DAL.csproj", "{10440629-0C97-40F4-9492-A27E2E2917CC}"
EndProject
Project("{9A19103F-16F7-4668-BE54-9A1E7A4F7556}") = "Handlers", "Handlers\Handlers.csproj", "{D5D8B0CF-31FC-4C52-84AC-BB0BF1BD74F3}"
EndProject
Project("{FAE04EC0-301F-11D3-BF4B-00C04F79EFBC}") = "Services", "Services\Services.csproj", "{0A194FBC-8038-4F7D-9FE3-F2087EB709F9}"
EndProject
Global
	GlobalSection(SolutionConfigurationPlatforms) = preSolution
		Debug|Any CPU = Debug|Any CPU
		Release|Any CPU = Release|Any CPU
	EndGlobalSection
	GlobalSection(ProjectConfigurationPlatforms) = postSolution
		{3BD48E82-9C79-45BA-93BD-DF768D38CB8B}.Debug|Any CPU.ActiveCfg = Debug|Any CPU
		{3BD48E82-9C79-45BA-93BD-DF768D38CB8B}.Debug|Any CPU.Build.0 = Debug|Any CPU
		{3BD48E82-9C79-45BA-93BD-DF768D38CB8B}.Release|Any CPU.ActiveCfg = Release|Any CPU
		{3BD48E82-9C79-45BA-93BD-DF768D38CB8B}.Release|Any CPU.Build.0 = Release|Any CPU
		{2AB03CE0-E9DA-4D5A-8083-C7395C37DF7B}.Debug|Any CPU.ActiveCfg = Debug|Any CPU
		{2AB03CE0-E9DA-4D5A-8083-C7395C37DF7B}.Debug|Any CPU.Build.0 = Debug|Any CPU
		{2AB03CE0-E9DA-4D5A-8083-C7395C37DF7B}.Release|Any CPU.ActiveCfg = Release|Any CPU
		{2AB03CE0-E9DA-4D5A-8083-C7395C37DF7B}.Release|Any CPU.Build.0 = Release|Any CPU
		{10440629-0C97-40F4-9492-A27E2E2917CC}.Debug|Any CPU.ActiveCfg = Debug|Any CPU
		{10440629-0C97-40F4-9492-A27E2E2917CC}.Debug|Any CPU.Build.0 = Debug|Any CPU
		{10440629-0C97-40F4-9492-A27E2E2917CC}.Release|Any CPU.ActiveCfg = Release|Any CPU
		{10440629-0C97-40F4-9492-A27E2E2917CC}.Release|Any CPU.Build.0 = Release|Any CPU
		{D5D8B0CF-31FC-4C52-84AC-BB0BF1BD74F3}.Debug|Any CPU.ActiveCfg = Debug|Any CPU
		{D5D8B0CF-31FC-4C52-84AC-BB0BF1BD74F3}.Debug|Any CPU.Build.0 = Debug|Any CPU
		{D5D8B0CF-31FC-4C52-84AC-BB0BF1BD74F3}.Release|Any CPU.ActiveCfg = Release|Any CPU
		{D5D8B0CF-31FC-4C52-84AC-BB0BF1BD74F3}.Release|Any CPU.Build.0 = Release|Any CPU
		{0A194FBC-8038-4F7D-9FE3-F2087EB709F9}.Debug|Any CPU.ActiveCfg = Debug|Any CPU
		{0A194FBC-8038-4F7D-9FE3-F2087EB709F9}.Debug|Any CPU.Build.0 = Debug|Any CPU
		{0A194FBC-8038-4F7D-9FE3-F2087EB709F9}.Release|Any CPU.ActiveCfg = Release|Any CPU
		{0A194FBC-8038-4F7D-9FE3-F2087EB709F9}.Release|Any CPU.Build.0 = Release|Any CPU
	EndGlobalSection
	GlobalSection(SolutionProperties) = preSolution
		HideSolutionNode = FALSE
	EndGlobalSection
	GlobalSection(ExtensibilityGlobals) = postSolution
		SolutionGuid = {81F837DD-D519-42E7-9800-97499B8B2518}
	EndGlobalSection
EndGlobal
